// !$*UTF8*$!
{
	archiveVersion = 1;
	classes = {
	};
	objectVersion = 46;
	objects = {

/* Begin PBXBuildFile section */
		A63CC47E1CC094C6007D499E /* LocalData.sqlite in Resources */ = {isa = PBXBuildFile; fileRef = A63CC47D1CC094C6007D499E /* LocalData.sqlite */; };
		A6F632791CBFB3B0003F75B8 /* Transcript.m in Sources */ = {isa = PBXBuildFile; fileRef = A6F632781CBFB3B0003F75B8 /* Transcript.m */; };
		A6FAA4C81CBE004100C7F87D /* main.m in Sources */ = {isa = PBXBuildFile; fileRef = A6FAA4C71CBE004100C7F87D /* main.m */; };
		A6FAA4CB1CBE004100C7F87D /* AppDelegate.m in Sources */ = {isa = PBXBuildFile; fileRef = A6FAA4CA1CBE004100C7F87D /* AppDelegate.m */; };
		A6FAA4CE1CBE004100C7F87D /* ViewController.m in Sources */ = {isa = PBXBuildFile; fileRef = A6FAA4CD1CBE004100C7F87D /* ViewController.m */; };
		A6FAA4D11CBE004100C7F87D /* Main.storyboard in Resources */ = {isa = PBXBuildFile; fileRef = A6FAA4CF1CBE004100C7F87D /* Main.storyboard */; };
		A6FAA4D31CBE004100C7F87D /* Assets.xcassets in Resources */ = {isa = PBXBuildFile; fileRef = A6FAA4D21CBE004100C7F87D /* Assets.xcassets */; };
		A6FAA4D61CBE004100C7F87D /* LaunchScreen.storyboard in Resources */ = {isa = PBXBuildFile; fileRef = A6FAA4D41CBE004100C7F87D /* LaunchScreen.storyboard */; };
		A6FAA4E11CBE004200C7F87D /* CY_FMDBTests.m in Sources */ = {isa = PBXBuildFile; fileRef = A6FAA4E01CBE004200C7F87D /* CY_FMDBTests.m */; };
		A6FAA4EC1CBE004200C7F87D /* CY_FMDBUITests.m in Sources */ = {isa = PBXBuildFile; fileRef = A6FAA4EB1CBE004200C7F87D /* CY_FMDBUITests.m */; };
		A6FAA5011CBE01F800C7F87D /* GeneralDB.m in Sources */ = {isa = PBXBuildFile; fileRef = A6FAA5001CBE01F800C7F87D /* GeneralDB.m */; };
		A6FAA5041CBE86D900C7F87D /* Classes.m in Sources */ = {isa = PBXBuildFile; fileRef = A6FAA5031CBE86D900C7F87D /* Classes.m */; };
		C2AB2D4F842E261A6A1ABFB9 /* libPods.a in Frameworks */ = {isa = PBXBuildFile; fileRef = 9178424201506C9CA08FC07F /* libPods.a */; };
/* End PBXBuildFile section */

/* Begin PBXContainerItemProxy section */
		A6FAA4DD1CBE004100C7F87D /* PBXContainerItemProxy */ = {
			isa = PBXContainerItemProxy;
			containerPortal = A6FAA4BB1CBE004100C7F87D /* Project object */;
			proxyType = 1;
			remoteGlobalIDString = A6FAA4C21CBE004100C7F87D;
			remoteInfo = CY_FMDB;
		};
		A6FAA4E81CBE004200C7F87D /* PBXContainerItemProxy */ = {
			isa = PBXContainerItemProxy;
			containerPortal = A6FAA4BB1CBE004100C7F87D /* Project object */;
			proxyType = 1;
			remoteGlobalIDString = A6FAA4C21CBE004100C7F87D;
			remoteInfo = CY_FMDB;
		};
/* End PBXContainerItemProxy section */

/* Begin PBXFileReference section */
		34469F5B7D8C1E16A84D8A88 /* Pods.debug.xcconfig */ = {isa = PBXFileReference; includeInIndex = 1; lastKnownFileType = text.xcconfig; name = Pods.debug.xcconfig; path = "Pods/Target Support Files/Pods/Pods.debug.xcconfig"; sourceTree = "<group>"; };
		9178424201506C9CA08FC07F /* libPods.a */ = {isa = PBXFileReference; explicitFileType = archive.ar; includeInIndex = 0; path = libPods.a; sourceTree = BUILT_PRODUCTS_DIR; };
		A63CC47D1CC094C6007D499E /* LocalData.sqlite */ = {isa = PBXFileReference; lastKnownFileType = file; path = LocalData.sqlite; sourceTree = "<group>"; };
		A6F632771CBFB3B0003F75B8 /* Transcript.h */ = {isa = PBXFileReference; fileEncoding = 4; lastKnownFileType = sourcecode.c.h; path = Transcript.h; sourceTree = "<group>"; };
		A6F632781CBFB3B0003F75B8 /* Transcript.m */ = {isa = PBXFileReference; fileEncoding = 4; lastKnownFileType = sourcecode.c.objc; path = Transcript.m; sourceTree = "<group>"; };
		A6FAA4C31CBE004100C7F87D /* CY_FMDB.app */ = {isa = PBXFileReference; explicitFileType = wrapper.application; includeInIndex = 0; path = CY_FMDB.app; sourceTree = BUILT_PRODUCTS_DIR; };
		A6FAA4C71CBE004100C7F87D /* main.m */ = {isa = PBXFileReference; lastKnownFileType = sourcecode.c.objc; path = main.m; sourceTree = "<group>"; };
		A6FAA4C91CBE004100C7F87D /* AppDelegate.h */ = {isa = PBXFileReference; lastKnownFileType = sourcecode.c.h; path = AppDelegate.h; sourceTree = "<group>"; };
		A6FAA4CA1CBE004100C7F87D /* AppDelegate.m */ = {isa = PBXFileReference; lastKnownFileType = sourcecode.c.objc; path = AppDelegate.m; sourceTree = "<group>"; };
		A6FAA4CC1CBE004100C7F87D /* ViewController.h */ = {isa = PBXFileReference; lastKnownFileType = sourcecode.c.h; path = ViewController.h; sourceTree = "<group>"; };
		A6FAA4CD1CBE004100C7F87D /* ViewController.m */ = {isa = PBXFileReference; lastKnownFileType = sourcecode.c.objc; path = ViewController.m; sourceTree = "<group>"; };
		A6FAA4D01CBE004100C7F87D /* Base */ = {isa = PBXFileReference; lastKnownFileType = file.storyboard; name = Base; path = Base.lproj/Main.storyboard; sourceTree = "<group>"; };
		A6FAA4D21CBE004100C7F87D /* Assets.xcassets */ = {isa = PBXFileReference; lastKnownFileType = folder.assetcatalog; path = Assets.xcassets; sourceTree = "<group>"; };
		A6FAA4D51CBE004100C7F87D /* Base */ = {isa = PBXFileReference; lastKnownFileType = file.storyboard; name = Base; path = Base.lproj/LaunchScreen.storyboard; sourceTree = "<group>"; };
		A6FAA4D71CBE004100C7F87D /* Info.plist */ = {isa = PBXFileReference; lastKnownFileType = text.plist.xml; path = Info.plist; sourceTree = "<group>"; };
		A6FAA4DC1CBE004100C7F87D /* CY_FMDBTests.xctest */ = {isa = PBXFileReference; explicitFileType = wrapper.cfbundle; includeInIndex = 0; path = CY_FMDBTests.xctest; sourceTree = BUILT_PRODUCTS_DIR; };
		A6FAA4E01CBE004200C7F87D /* CY_FMDBTests.m */ = {isa = PBXFileReference; lastKnownFileType = sourcecode.c.objc; path = CY_FMDBTests.m; sourceTree = "<group>"; };
		A6FAA4E21CBE004200C7F87D /* Info.plist */ = {isa = PBXFileReference; lastKnownFileType = text.plist.xml; path = Info.plist; sourceTree = "<group>"; };
		A6FAA4E71CBE004200C7F87D /* CY_FMDBUITests.xctest */ = {isa = PBXFileReference; explicitFileType = wrapper.cfbundle; includeInIndex = 0; path = CY_FMDBUITests.xctest; sourceTree = BUILT_PRODUCTS_DIR; };
		A6FAA4EB1CBE004200C7F87D /* CY_FMDBUITests.m */ = {isa = PBXFileReference; lastKnownFileType = sourcecode.c.objc; path = CY_FMDBUITests.m; sourceTree = "<group>"; };
		A6FAA4ED1CBE004200C7F87D /* Info.plist */ = {isa = PBXFileReference; lastKnownFileType = text.plist.xml; path = Info.plist; sourceTree = "<group>"; };
		A6FAA4FF1CBE01F800C7F87D /* GeneralDB.h */ = {isa = PBXFileReference; fileEncoding = 4; lastKnownFileType = sourcecode.c.h; path = GeneralDB.h; sourceTree = "<group>"; };
		A6FAA5001CBE01F800C7F87D /* GeneralDB.m */ = {isa = PBXFileReference; fileEncoding = 4; lastKnownFileType = sourcecode.c.objc; path = GeneralDB.m; sourceTree = "<group>"; };
		A6FAA5021CBE86D900C7F87D /* Classes.h */ = {isa = PBXFileReference; fileEncoding = 4; lastKnownFileType = sourcecode.c.h; path = Classes.h; sourceTree = "<group>"; };
		A6FAA5031CBE86D900C7F87D /* Classes.m */ = {isa = PBXFileReference; fileEncoding = 4; lastKnownFileType = sourcecode.c.objc; path = Classes.m; sourceTree = "<group>"; };
		B8AAE3ECCA4FAF44661D6201 /* Pods.release.xcconfig */ = {isa = PBXFileReference; includeInIndex = 1; lastKnownFileType = text.xcconfig; name = Pods.release.xcconfig; path = "Pods/Target Support Files/Pods/Pods.release.xcconfig"; sourceTree = "<group>"; };
/* End PBXFileReference section */

/* Begin PBXFrameworksBuildPhase section */
		A6FAA4C01CBE004100C7F87D /* Frameworks */ = {
			isa = PBXFrameworksBuildPhase;
			buildActionMask = 2147483647;
			files = (
				C2AB2D4F842E261A6A1ABFB9 /* libPods.a in Frameworks */,
			);
			runOnlyForDeploymentPostprocessing = 0;
		};
		A6FAA4D91CBE004100C7F87D /* Frameworks */ = {
			isa = PBXFrameworksBuildPhase;
			buildActionMask = 2147483647;
			files = (
			);
			runOnlyForDeploymentPostprocessing = 0;
		};
		A6FAA4E41CBE004200C7F87D /* Frameworks */ = {
			isa = PBXFrameworksBuildPhase;
			buildActionMask = 2147483647;
			files = (
			);
			runOnlyForDeploymentPostprocessing = 0;
		};
/* End PBXFrameworksBuildPhase section */

/* Begin PBXGroup section */
		53452B9B70E1D5CD1DE037E7 /* Frameworks */ = {
			isa = PBXGroup;
			children = (
				9178424201506C9CA08FC07F /* libPods.a */,
			);
			name = Frameworks;
			sourceTree = "<group>";
		};
		A63CC47C1CC0940C007D499E /* local_data */ = {
			isa = PBXGroup;
			children = (
				A63CC47D1CC094C6007D499E /* LocalData.sqlite */,
			);
			path = local_data;
			sourceTree = "<group>";
		};
		A6FAA4BA1CBE004100C7F87D = {
			isa = PBXGroup;
			children = (
				A6FAA4C51CBE004100C7F87D /* CY_FMDB */,
				A6FAA4DF1CBE004200C7F87D /* CY_FMDBTests */,
				A6FAA4EA1CBE004200C7F87D /* CY_FMDBUITests */,
				A6FAA4C41CBE004100C7F87D /* Products */,
				CDE2FC466CED33750B87794D /* Pods */,
				53452B9B70E1D5CD1DE037E7 /* Frameworks */,
			);
			sourceTree = "<group>";
		};
		A6FAA4C41CBE004100C7F87D /* Products */ = {
			isa = PBXGroup;
			children = (
				A6FAA4C31CBE004100C7F87D /* CY_FMDB.app */,
				A6FAA4DC1CBE004100C7F87D /* CY_FMDBTests.xctest */,
				A6FAA4E71CBE004200C7F87D /* CY_FMDBUITests.xctest */,
			);
			name = Products;
			sourceTree = "<group>";
		};
		A6FAA4C51CBE004100C7F87D /* CY_FMDB */ = {
			isa = PBXGroup;
			children = (
				A63CC47C1CC0940C007D499E /* local_data */,
				A6FAA4FE1CBE01D400C7F87D /* CY_GeneralDB */,
				A6FAA4C91CBE004100C7F87D /* AppDelegate.h */,
				A6FAA4CA1CBE004100C7F87D /* AppDelegate.m */,
				A6FAA4CC1CBE004100C7F87D /* ViewController.h */,
				A6FAA4CD1CBE004100C7F87D /* ViewController.m */,
				A6FAA4CF1CBE004100C7F87D /* Main.storyboard */,
				A6FAA5021CBE86D900C7F87D /* Classes.h */,
				A6FAA5031CBE86D900C7F87D /* Classes.m */,
				A6F632771CBFB3B0003F75B8 /* Transcript.h */,
				A6F632781CBFB3B0003F75B8 /* Transcript.m */,
				A6FAA4D21CBE004100C7F87D /* Assets.xcassets */,
				A6FAA4D41CBE004100C7F87D /* LaunchScreen.storyboard */,
				A6FAA4D71CBE004100C7F87D /* Info.plist */,
				A6FAA4C61CBE004100C7F87D /* Supporting Files */,
			);
			path = CY_FMDB;
			sourceTree = "<group>";
		};
		A6FAA4C61CBE004100C7F87D /* Supporting Files */ = {
			isa = PBXGroup;
			children = (
				A6FAA4C71CBE004100C7F87D /* main.m */,
			);
			name = "Supporting Files";
			sourceTree = "<group>";
		};
		A6FAA4DF1CBE004200C7F87D /* CY_FMDBTests */ = {
			isa = PBXGroup;
			children = (
				A6FAA4E01CBE004200C7F87D /* CY_FMDBTests.m */,
				A6FAA4E21CBE004200C7F87D /* Info.plist */,
			);
			path = CY_FMDBTests;
			sourceTree = "<group>";
		};
		A6FAA4EA1CBE004200C7F87D /* CY_FMDBUITests */ = {
			isa = PBXGroup;
			children = (
				A6FAA4EB1CBE004200C7F87D /* CY_FMDBUITests.m */,
				A6FAA4ED1CBE004200C7F87D /* Info.plist */,
			);
			path = CY_FMDBUITests;
			sourceTree = "<group>";
		};
		A6FAA4FE1CBE01D400C7F87D /* CY_GeneralDB */ = {
			isa = PBXGroup;
			children = (
				A6FAA4FF1CBE01F800C7F87D /* GeneralDB.h */,
				A6FAA5001CBE01F800C7F87D /* GeneralDB.m */,
			);
			path = CY_GeneralDB;
			sourceTree = "<group>";
		};
		CDE2FC466CED33750B87794D /* Pods */ = {
			isa = PBXGroup;
			children = (
				34469F5B7D8C1E16A84D8A88 /* Pods.debug.xcconfig */,
				B8AAE3ECCA4FAF44661D6201 /* Pods.release.xcconfig */,
			);
			name = Pods;
			sourceTree = "<group>";
		};
/* End PBXGroup section */

/* Begin PBXNativeTarget section */
		A6FAA4C21CBE004100C7F87D /* CY_FMDB */ = {
			isa = PBXNativeTarget;
			buildConfigurationList = A6FAA4F01CBE004200C7F87D /* Build configuration list for PBXNativeTarget "CY_FMDB" */;
			buildPhases = (
				F6B07BC36A62B5A668D7DCB1 /* Check Pods Manifest.lock */,
				A6FAA4BF1CBE004100C7F87D /* Sources */,
				A6FAA4C01CBE004100C7F87D /* Frameworks */,
				A6FAA4C11CBE004100C7F87D /* Resources */,
				4C4096D3C817E0C78E4FCC8A /* Embed Pods Frameworks */,
				676481BECE29B3C994C2D0FA /* Copy Pods Resources */,
			);
			buildRules = (
			);
			dependencies = (
			);
			name = CY_FMDB;
			productName = CY_FMDB;
			productReference = A6FAA4C31CBE004100C7F87D /* CY_FMDB.app */;
			productType = "com.apple.product-type.application";
		};
		A6FAA4DB1CBE004100C7F87D /* CY_FMDBTests */ = {
			isa = PBXNativeTarget;
			buildConfigurationList = A6FAA4F31CBE004200C7F87D /* Build configuration list for PBXNativeTarget "CY_FMDBTests" */;
			buildPhases = (
				A6FAA4D81CBE004100C7F87D /* Sources */,
				A6FAA4D91CBE004100C7F87D /* Frameworks */,
				A6FAA4DA1CBE004100C7F87D /* Resources */,
			);
			buildRules = (
			);
			dependencies = (
				A6FAA4DE1CBE004100C7F87D /* PBXTargetDependency */,
			);
			name = CY_FMDBTests;
			productName = CY_FMDBTests;
			productReference = A6FAA4DC1CBE004100C7F87D /* CY_FMDBTests.xctest */;
			productType = "com.apple.product-type.bundle.unit-test";
		};
		A6FAA4E61CBE004200C7F87D /* CY_FMDBUITests */ = {
			isa = PBXNativeTarget;
			buildConfigurationList = A6FAA4F61CBE004200C7F87D /* Build configuration list for PBXNativeTarget "CY_FMDBUITests" */;
			buildPhases = (
				A6FAA4E31CBE004200C7F87D /* Sources */,
				A6FAA4E41CBE004200C7F87D /* Frameworks */,
				A6FAA4E51CBE004200C7F87D /* Resources */,
			);
			buildRules = (
			);
			dependencies = (
				A6FAA4E91CBE004200C7F87D /* PBXTargetDependency */,
			);
			name = CY_FMDBUITests;
			productName = CY_FMDBUITests;
			productReference = A6FAA4E71CBE004200C7F87D /* CY_FMDBUITests.xctest */;
			productType = "com.apple.product-type.bundle.ui-testing";
		};
/* End PBXNativeTarget section */

/* Begin PBXProject section */
		A6FAA4BB1CBE004100C7F87D /* Project object */ = {
			isa = PBXProject;
			attributes = {
				LastUpgradeCheck = 0730;
				ORGANIZATIONNAME = "千里之行始于足下";
				TargetAttributes = {
					A6FAA4C21CBE004100C7F87D = {
						CreatedOnToolsVersion = 7.3;
					};
					A6FAA4DB1CBE004100C7F87D = {
						CreatedOnToolsVersion = 7.3;
						TestTargetID = A6FAA4C21CBE004100C7F87D;
					};
					A6FAA4E61CBE004200C7F87D = {
						CreatedOnToolsVersion = 7.3;
						TestTargetID = A6FAA4C21CBE004100C7F87D;
					};
				};
			};
			buildConfigurationList = A6FAA4BE1CBE004100C7F87D /* Build configuration list for PBXProject "CY_FMDB" */;
			compatibilityVersion = "Xcode 3.2";
			developmentRegion = English;
			hasScannedForEncodings = 0;
			knownRegions = (
				en,
				Base,
			);
			mainGroup = A6FAA4BA1CBE004100C7F87D;
			productRefGroup = A6FAA4C41CBE004100C7F87D /* Products */;
			projectDirPath = "";
			projectRoot = "";
			targets = (
				A6FAA4C21CBE004100C7F87D /* CY_FMDB */,
				A6FAA4DB1CBE004100C7F87D /* CY_FMDBTests */,
				A6FAA4E61CBE004200C7F87D /* CY_FMDBUITests */,
			);
		};
/* End PBXProject section */

/* Begin PBXResourcesBuildPhase section */
		A6FAA4C11CBE004100C7F87D /* Resources */ = {
			isa = PBXResourcesBuildPhase;
			buildActionMask = 2147483647;
			files = (
				A6FAA4D61CBE004100C7F87D /* LaunchScreen.storyboard in Resources */,
				A63CC47E1CC094C6007D499E /* LocalData.sqlite in Resources */,
				A6FAA4D31CBE004100C7F87D /* Assets.xcassets in Resources */,
				A6FAA4D11CBE004100C7F87D /* Main.storyboard in Resources */,
			);
			runOnlyForDeploymentPostprocessing = 0;
		};
		A6FAA4DA1CBE004100C7F87D /* Resources */ = {
			isa = PBXResourcesBuildPhase;
			buildActionMask = 2147483647;
			files = (
			);
			runOnlyForDeploymentPostprocessing = 0;
		};
		A6FAA4E51CBE004200C7F87D /* Resources */ = {
			isa = PBXResourcesBuildPhase;
			buildActionMask = 2147483647;
			files = (
			);
			runOnlyForDeploymentPostprocessing = 0;
		};
/* End PBXResourcesBuildPhase section */

/* Begin PBXShellScriptBuildPhase section */
		4C4096D3C817E0C78E4FCC8A /* Embed Pods Frameworks */ = {
			isa = PBXShellScriptBuildPhase;
			buildActionMask = 2147483647;
			files = (
			);
			inputPaths = (
			);
			name = "Embed Pods Frameworks";
			outputPaths = (
			);
			runOnlyForDeploymentPostprocessing = 0;
			shellPath = /bin/sh;
			shellScript = "\"${SRCROOT}/Pods/Target Support Files/Pods/Pods-frameworks.sh\"\n";
			showEnvVarsInLog = 0;
		};
		676481BECE29B3C994C2D0FA /* Copy Pods Resources */ = {
			isa = PBXShellScriptBuildPhase;
			buildActionMask = 2147483647;
			files = (
			);
			inputPaths = (
			);
			name = "Copy Pods Resources";
			outputPaths = (
			);
			runOnlyForDeploymentPostprocessing = 0;
			shellPath = /bin/sh;
			shellScript = "\"${SRCROOT}/Pods/Target Support Files/Pods/Pods-resources.sh\"\n";
			showEnvVarsInLog = 0;
		};
		F6B07BC36A62B5A668D7DCB1 /* Check Pods Manifest.lock */ = {
			isa = PBXShellScriptBuildPhase;
			buildActionMask = 2147483647;
			files = (
			);
			inputPaths = (
			);
			name = "Check Pods Manifest.lock";
			outputPaths = (
			);
			runOnlyForDeploymentPostprocessing = 0;
			shellPath = /bin/sh;
			shellScript = "diff \"${PODS_ROOT}/../Podfile.lock\" \"${PODS_ROOT}/Manifest.lock\" > /dev/null\nif [[ $? != 0 ]] ; then\n    cat << EOM\nerror: The sandbox is not in sync with the Podfile.lock. Run 'pod install' or update your CocoaPods installation.\nEOM\n    exit 1\nfi\n";
			showEnvVarsInLog = 0;
		};
/* End PBXShellScriptBuildPhase section */

/* Begin PBXSourcesBuildPhase section */
		A6FAA4BF1CBE004100C7F87D /* Sources */ = {
			isa = PBXSourcesBuildPhase;
			buildActionMask = 2147483647;
			files = (
				A6FAA4CE1CBE004100C7F87D /* ViewController.m in Sources */,
				A6F632791CBFB3B0003F75B8 /* Transcript.m in Sources */,
				A6FAA4CB1CBE004100C7F87D /* AppDelegate.m in Sources */,
				A6FAA5041CBE86D900C7F87D /* Classes.m in Sources */,
				A6FAA5011CBE01F800C7F87D /* GeneralDB.m in Sources */,
				A6FAA4C81CBE004100C7F87D /* main.m in Sources */,
			);
			runOnlyForDeploymentPostprocessing = 0;
		};
		A6FAA4D81CBE004100C7F87D /* Sources */ = {
			isa = PBXSourcesBuildPhase;
			buildActionMask = 2147483647;
			files = (
				A6FAA4E11CBE004200C7F87D /* CY_FMDBTests.m in Sources */,
			);
			runOnlyForDeploymentPostprocessing = 0;
		};
		A6FAA4E31CBE004200C7F87D /* Sources */ = {
			isa = PBXSourcesBuildPhase;
			buildActionMask = 2147483647;
			files = (
				A6FAA4EC1CBE004200C7F87D /* CY_FMDBUITests.m in Sources */,
			);
			runOnlyForDeploymentPostprocessing = 0;
		};
/* End PBXSourcesBuildPhase section */

/* Begin PBXTargetDependency section */
		A6FAA4DE1CBE004100C7F87D /* PBXTargetDependency */ = {
			isa = PBXTargetDependency;
			target = A6FAA4C21CBE004100C7F87D /* CY_FMDB */;
			targetProxy = A6FAA4DD1CBE004100C7F87D /* PBXContainerItemProxy */;
		};
		A6FAA4E91CBE004200C7F87D /* PBXTargetDependency */ = {
			isa = PBXTargetDependency;
			target = A6FAA4C21CBE004100C7F87D /* CY_FMDB */;
			targetProxy = A6FAA4E81CBE004200C7F87D /* PBXContainerItemProxy */;
		};
/* End PBXTargetDependency section */

/* Begin PBXVariantGroup section */
		A6FAA4CF1CBE004100C7F87D /* Main.storyboard */ = {
			isa = PBXVariantGroup;
			children = (
				A6FAA4D01CBE004100C7F87D /* Base */,
			);
			name = Main.storyboard;
			sourceTree = "<group>";
		};
		A6FAA4D41CBE004100C7F87D /* LaunchScreen.storyboard */ = {
			isa = PBXVariantGroup;
			children = (
				A6FAA4D51CBE004100C7F87D /* Base */,
			);
			name = LaunchScreen.storyboard;
			sourceTree = "<group>";
		};
/* End PBXVariantGroup section */

/* Begin XCBuildConfiguration section */
		A6FAA4EE1CBE004200C7F87D /* Debug */ = {
			isa = XCBuildConfiguration;
			buildSettings = {
				ALWAYS_SEARCH_USER_PATHS = NO;
				CLANG_ANALYZER_NONNULL = YES;
				CLANG_CXX_LANGUAGE_STANDARD = "gnu++0x";
				CLANG_CXX_LIBRARY = "libc++";
				CLANG_ENABLE_MODULES = YES;
				CLANG_ENABLE_OBJC_ARC = YES;
				CLANG_WARN_BOOL_CONVERSION = YES;
				CLANG_WARN_CONSTANT_CONVERSION = YES;
				CLANG_WARN_DIRECT_OBJC_ISA_USAGE = YES_ERROR;
				CLANG_WARN_EMPTY_BODY = YES;
				CLANG_WARN_ENUM_CONVERSION = YES;
				CLANG_WARN_INT_CONVERSION = YES;
				CLANG_WARN_OBJC_ROOT_CLASS = YES_ERROR;
				CLANG_WARN_UNREACHABLE_CODE = YES;
				CLANG_WARN__DUPLICATE_METHOD_MATCH = YES;
				"CODE_SIGN_IDENTITY[sdk=iphoneos*]" = "iPhone Developer";
				COPY_PHASE_STRIP = NO;
				DEBUG_INFORMATION_FORMAT = dwarf;
				ENABLE_STRICT_OBJC_MSGSEND = YES;
				ENABLE_TESTABILITY = YES;
				GCC_C_LANGUAGE_STANDARD = gnu99;
				GCC_DYNAMIC_NO_PIC = NO;
				GCC_NO_COMMON_BLOCKS = YES;
				GCC_OPTIMIZATION_LEVEL = 0;
				GCC_PREPROCESSOR_DEFINITIONS = (
					"DEBUG=1",
					"$(inherited)",
				);
				GCC_WARN_64_TO_32_BIT_CONVERSION = YES;
				GCC_WARN_ABOUT_RETURN_TYPE = YES_ERROR;
				GCC_WARN_UNDECLARED_SELECTOR = YES;
				GCC_WARN_UNINITIALIZED_AUTOS = YES_AGGRESSIVE;
				GCC_WARN_UNUSED_FUNCTION = YES;
				GCC_WARN_UNUSED_VARIABLE = YES;
				IPHONEOS_DEPLOYMENT_TARGET = 9.3;
				MTL_ENABLE_DEBUG_INFO = YES;
				ONLY_ACTIVE_ARCH = YES;
				SDKROOT = iphoneos;
				TARGETED_DEVICE_FAMILY = "1,2";
			};
			name = Debug;
		};
		A6FAA4EF1CBE004200C7F87D /* Release */ = {
			isa = XCBuildConfiguration;
			buildSettings = {
				ALWAYS_SEARCH_USER_PATHS = NO;
				CLANG_ANALYZER_NONNULL = YES;
				CLANG_CXX_LANGUAGE_STANDARD = "gnu++0x";
				CLANG_CXX_LIBRARY = "libc++";
				CLANG_ENABLE_MODULES = YES;
				CLANG_ENABLE_OBJC_ARC = YES;
				CLANG_WARN_BOOL_CONVERSION = YES;
				CLANG_WARN_CONSTANT_CONVERSION = YES;
				CLANG_WARN_DIRECT_OBJC_ISA_USAGE = YES_ERROR;
				CLANG_WARN_EMPTY_BODY = YES;
				CLANG_WARN_ENUM_CONVERSION = YES;
				CLANG_WARN_INT_CONVERSION = YES;
				CLANG_WARN_OBJC_ROOT_CLASS = YES_ERROR;
				CLANG_WARN_UNREACHABLE_CODE = YES;
				CLANG_WARN__DUPLICATE_METHOD_MATCH = YES;
				"CODE_SIGN_IDENTITY[sdk=iphoneos*]" = "iPhone Developer";
				COPY_PHASE_STRIP = NO;
				DEBUG_INFORMATION_FORMAT = "dwarf-with-dsym";
				ENABLE_NS_ASSERTIONS = NO;
				ENABLE_STRICT_OBJC_MSGSEND = YES;
				GCC_C_LANGUAGE_STANDARD = gnu99;
				GCC_NO_COMMON_BLOCKS = YES;
				GCC_WARN_64_TO_32_BIT_CONVERSION = YES;
				GCC_WARN_ABOUT_RETURN_TYPE = YES_ERROR;
				GCC_WARN_UNDECLARED_SELECTOR = YES;
				GCC_WARN_UNINITIALIZED_AUTOS = YES_AGGRESSIVE;
				GCC_WARN_UNUSED_FUNCTION = YES;
				GCC_WARN_UNUSED_VARIABLE = YES;
				IPHONEOS_DEPLOYMENT_TARGET = 9.3;
				MTL_ENABLE_DEBUG_INFO = NO;
				SDKROOT = iphoneos;
				TARGETED_DEVICE_FAMILY = "1,2";
				VALIDATE_PRODUCT = YES;
			};
			name = Release;
		};
		A6FAA4F11CBE004200C7F87D /* Debug */ = {
			isa = XCBuildConfiguration;
			baseConfigurationReference = 34469F5B7D8C1E16A84D8A88 /* Pods.debug.xcconfig */;
			buildSettings = {
				ASSETCATALOG_COMPILER_APPICON_NAME = AppIcon;
				INFOPLIST_FILE = CY_FMDB/Info.plist;
				IPHONEOS_DEPLOYMENT_TARGET = 8.0;
				LD_RUNPATH_SEARCH_PATHS = "$(inherited) @executable_path/Frameworks";
				PRODUCT_BUNDLE_IDENTIFIER = "lcy.CY-FMDB";
				PRODUCT_NAME = "$(TARGET_NAME)";
			};
			name = Debug;
		};
		A6FAA4F21CBE004200C7F87D /* Release */ = {
			isa = XCBuildConfiguration;
			baseConfigurationReference = B8AAE3ECCA4FAF44661D6201 /* Pods.release.xcconfig */;
			buildSettings = {
				ASSETCATALOG_COMPILER_APPICON_NAME = AppIcon;
				INFOPLIST_FILE = CY_FMDB/Info.plist;
				IPHONEOS_DEPLOYMENT_TARGET = 8.0;
				LD_RUNPATH_SEARCH_PATHS = "$(inherited) @executable_path/Frameworks";
				PRODUCT_BUNDLE_IDENTIFIER = "lcy.CY-FMDB";
				PRODUCT_NAME = "$(TARGET_NAME)";
			};
			name = Release;
		};
		A6FAA4F41CBE004200C7F87D /* Debug */ = {
			isa = XCBuildConfiguration;
			buildSettings = {
				BUNDLE_LOADER = "$(TEST_HOST)";
				INFOPLIST_FILE = CY_FMDBTests/Info.plist;
				LD_RUNPATH_SEARCH_PATHS = "$(inherited) @executable_path/Frameworks @loader_path/Frameworks";
				PRODUCT_BUNDLE_IDENTIFIER = "lcy.CY-FMDBTests";
				PRODUCT_NAME = "$(TARGET_NAME)";
				TEST_HOST = "$(BUILT_PRODUCTS_DIR)/CY_FMDB.app/CY_FMDB";
			};
			name = Debug;
		};
		A6FAA4F51CBE004200C7F87D /* Release */ = {
			isa = XCBuildConfiguration;
			buildSettings = {
				BUNDLE_LOADER = "$(TEST_HOST)";
				INFOPLIST_FILE = CY_FMDBTests/Info.plist;
				LD_RUNPATH_SEARCH_PATHS = "$(inherited) @executable_path/Frameworks @loader_path/Frameworks";
				PRODUCT_BUNDLE_IDENTIFIER = "lcy.CY-FMDBTests";
				PRODUCT_NAME = "$(TARGET_NAME)";
				TEST_HOST = "$(BUILT_PRODUCTS_DIR)/CY_FMDB.app/CY_FMDB";
			};
			name = Release;
		};
		A6FAA4F71CBE004200C7F87D /* Debug */ = {
			isa = XCBuildConfiguration;
			buildSettings = {
				INFOPLIST_FILE = CY_FMDBUITests/Info.plist;
				LD_RUNPATH_SEARCH_PATHS = "$(inherited) @executable_path/Frameworks @loader_path/Frameworks";
				PRODUCT_BUNDLE_IDENTIFIER = "lcy.CY-FMDBUITests";
				PRODUCT_NAME = "$(TARGET_NAME)";
				TEST_TARGET_NAME = CY_FMDB;
			};
			name = Debug;
		};
		A6FAA4F81CBE004200C7F87D /* Release */ = {
			isa = XCBuildConfiguration;
			buildSettings = {
				INFOPLIST_FILE = CY_FMDBUITests/Info.plist;
				LD_RUNPATH_SEARCH_PATHS = "$(inherited) @executable_path/Frameworks @loader_path/Frameworks";
				PRODUCT_BUNDLE_IDENTIFIER = "lcy.CY-FMDBUITests";
				PRODUCT_NAME = "$(TARGET_NAME)";
				TEST_TARGET_NAME = CY_FMDB;
			};
			name = Release;
		};
/* End XCBuildConfiguration section */

/* Begin XCConfigurationList section */
		A6FAA4BE1CBE004100C7F87D /* Build configuration list for PBXProject "CY_FMDB" */ = {
			isa = XCConfigurationList;
			buildConfigurations = (
				A6FAA4EE1CBE004200C7F87D /* Debug */,
				A6FAA4EF1CBE004200C7F87D /* Release */,
			);
			defaultConfigurationIsVisible = 0;
			defaultConfigurationName = Release;
		};
		A6FAA4F01CBE004200C7F87D /* Build configuration list for PBXNativeTarget "CY_FMDB" */ = {
			isa = XCConfigurationList;
			buildConfigurations = (
				A6FAA4F11CBE004200C7F87D /* Debug */,
				A6FAA4F21CBE004200C7F87D /* Release */,
			);
			defaultConfigurationIsVisible = 0;
			defaultConfigurationName = Release;
		};
		A6FAA4F31CBE004200C7F87D /* Build configuration list for PBXNativeTarget "CY_FMDBTests" */ = {
			isa = XCConfigurationList;
			buildConfigurations = (
				A6FAA4F41CBE004200C7F87D /* Debug */,
				A6FAA4F51CBE004200C7F87D /* Release */,
			);
			defaultConfigurationIsVisible = 0;
			defaultConfigurationName = Release;
		};
		A6FAA4F61CBE004200C7F87D /* Build configuration list for PBXNativeTarget "CY_FMDBUITests" */ = {
			isa = XCConfigurationList;
			buildConfigurations = (
				A6FAA4F71CBE004200C7F87D /* Debug */,
				A6FAA4F81CBE004200C7F87D /* Release */,
			);
			defaultConfigurationIsVisible = 0;
			defaultConfigurationName = Release;
		};
/* End XCConfigurationList section */
	};
	rootObject = A6FAA4BB1CBE004100C7F87D /* Project object */;
}
